# This file is automatically @generated by Cargo.
# It is not intended for manual editing.
version = 3

[[package]]
name = "gsp_system"
version = "0.1.1"
dependencies = [
 "objc2",
]

[[package]]
name = "objc-sys"
version = "0.3.3"
source = "registry+https://github.com/rust-lang/crates.io-index"
checksum = "da284c198fb9b7b0603f8635185e85fbd5b64ee154b1ed406d489077de2d6d60"

[[package]]
name = "objc2"
version = "0.5.1"
source = "registry+https://github.com/rust-lang/crates.io-index"
checksum = "b4b25e1034d0e636cd84707ccdaa9f81243d399196b8a773946dcffec0401659"
dependencies = [
 "objc-sys",
 "objc2-encode",
]

[[package]]
name = "objc2-encode"
version = "4.0.1"
source = "registry+https://github.com/rust-lang/crates.io-index"
checksum = "88658da63e4cc2c8adb1262902cd6af51094df0488b760d6fd27194269c0950a"
